{
  "name": "slides-test",
  "lockfileVersion": 3,
  "requires": true,
  "packages": {
    "": {
      "dependencies": {
        "yy-fps": "^2.0.1"
      }
    },
    "node_modules/yy-fps": {
      "version": "2.0.1",
      "resolved": "https://registry.npmjs.org/yy-fps/-/yy-fps-2.0.1.tgz",
      "integrity": "sha512-iwvXWco+WFIDjbT9krASxWiW7FvwUGCYSxjhsU0tPBPKV/MD+GddBH1A2QzE6apIXJvv3AHavQUVl7iTwFTW+g=="
    }
  }
}
